{
  "requires": true,
  "lockfileVersion": 1,
  "dependencies": {
    "base64topdf": {
      "version": "1.1.8",
      "resolved": "https://registry.npmjs.org/base64topdf/-/base64topdf-1.1.8.tgz",
      "integrity": "sha512-nKuSq9EiuupC93SP0f5Hm5WYlgtPnmc1CGtuXXFChvoKazsYdanLcUYUSDaQhrY+VHKrLR8svcbpN2bHnO793w==",
      "requires": {
        "fs": "0.0.1-security"
      }
    },
    "blob": {
      "version": "0.1.0",
      "resolved": "https://registry.npmjs.org/blob/-/blob-0.1.0.tgz",
      "integrity": "sha512-k+GwK+4Rj+MPNT4qu+y6+kHp+mPmmNd+28zdrIo69QM9UvypK5Vhcw7jnRiY4KaOMAiOdn0NtPQGTb+Ox1Dtng==",
      "requires": {
        "esm": "^3.2.25"
      }
    },
    "dotenv": {
      "version": "16.4.5",
      "resolved": "https://registry.npmjs.org/dotenv/-/dotenv-16.4.5.tgz",
      "integrity": "sha512-ZmdL2rui+eB2YwhsWzjInR8LldtZHGDoQ1ugH85ppHKwpUHL7j7rN0Ti9NCnGiQbhaZ11FpR+7ao1dNsmduNUg=="
    },
    "esm": {
      "version": "3.2.25",
      "resolved": "https://registry.npmjs.org/esm/-/esm-3.2.25.tgz",
      "integrity": "sha512-U1suiZ2oDVWv4zPO56S0NcR5QriEahGtdN2OR6FiOG4WJvcjBVFB0qI4+eKoWFH483PKGuLuu6V8Z4T5g63UVA=="
    },
    "file-saver": {
      "version": "2.0.5",
      "resolved": "https://registry.npmjs.org/file-saver/-/file-saver-2.0.5.tgz",
      "integrity": "sha512-P9bmyZ3h/PRG+Nzga+rbdI4OEpNDzAVyy74uVO9ATgzLK6VtAsYybF/+TOCvrc0MO793d6+42lLyZTw7/ArVzA=="
    },
    "fs": {
      "version": "0.0.1-security",
      "resolved": "https://registry.npmjs.org/fs/-/fs-0.0.1-security.tgz",
      "integrity": "sha512-3XY9e1pP0CVEUCdj5BmfIZxRBTSDycnbqhIOGec9QYtmVH2fbLpj86CFWkrNOkt/Fvty4KZG5lTglL9j/gJ87w=="
    }
  }
}
